
Microsoft Visual Studio Solution File, Format Version 12.00
# Visual Studio Version 17
VisualStudioVersion = 17.4.33205.214
MinimumVisualStudioVersion = 10.0.40219.1
Project("{9A19103F-16F7-4668-BE54-9A1E7A4F7556}") = "Jsonifier", "Jsonifier.csproj", "{CDB7E65A-B950-4C62-8BCC-9DBAFE0FBD8D}"
EndProject
Global
	GlobalSection(SolutionConfigurationPlatforms) = preSolution
		Debug|Any CPU = Debug|Any CPU
		Release|Any CPU = Release|Any CPU
	EndGlobalSection
	GlobalSection(ProjectConfigurationPlatforms) = postSolution
		{CDB7E65A-B950-4C62-8BCC-9DBAFE0FBD8D}.Debug|Any CPU.ActiveCfg = Debug|Any CPU
		{CDB7E65A-B950-4C62-8BCC-9DBAFE0FBD8D}.Debug|Any CPU.Build.0 = Debug|Any CPU
		{CDB7E65A-B950-4C62-8BCC-9DBAFE0FBD8D}.Release|Any CPU.ActiveCfg = Release|Any CPU
		{CDB7E65A-B950-4C62-8BCC-9DBAFE0FBD8D}.Release|Any CPU.Build.0 = Release|Any CPU
	EndGlobalSection
	GlobalSection(SolutionProperties) = preSolution
		HideSolutionNode = FALSE
	EndGlobalSection
	GlobalSection(ExtensibilityGlobals) = postSolution
		SolutionGuid = {85A9E80B-CA7E-40D9-970A-C994760FF93E}
	EndGlobalSection
EndGlobal
